
Microsoft Visual Studio Solution File, Format Version 12.00
# Visual Studio Version 16
VisualStudioVersion = 16.0.28922.388
MinimumVisualStudioVersion = 10.0.40219.1
Project("{FAE04EC0-301F-11D3-BF4B-00C04F79EFBC}") = "APIForAppRegisterTest", "APIForAppRegisterTest\APIForAppRegisterTest.csproj", "{614EA828-4664-401E-987D-70C4BFED68FC}"
EndProject
Global
	GlobalSection(SolutionConfigurationPlatforms) = preSolution
		Debug|Any CPU = Debug|Any CPU
		Release|Any CPU = Release|Any CPU
	EndGlobalSection
	GlobalSection(ProjectConfigurationPlatforms) = postSolution
		{614EA828-4664-401E-987D-70C4BFED68FC}.Debug|Any CPU.ActiveCfg = Debug|Any CPU
		{614EA828-4664-401E-987D-70C4BFED68FC}.Debug|Any CPU.Build.0 = Debug|Any CPU
		{614EA828-4664-401E-987D-70C4BFED68FC}.Release|Any CPU.ActiveCfg = Release|Any CPU
		{614EA828-4664-401E-987D-70C4BFED68FC}.Release|Any CPU.Build.0 = Release|Any CPU
	EndGlobalSection
	GlobalSection(SolutionProperties) = preSolution
		HideSolutionNode = FALSE
	EndGlobalSection
	GlobalSection(ExtensibilityGlobals) = postSolution
		SolutionGuid = {FF7D692B-4877-43E6-B38E-421ACE4C4D03}
	EndGlobalSection
EndGlobal
